{
	"archiveVersion": "1",
	"classes": {},
	"objectVersion": "54",
	"objects": {
		"0003E20C-CB83-4586-BAEB-101065623BC5": {
			"children": [
				"AAD85196-946E-48A9-A7E5-AB7D620FBD6E",
				"E0DC660C-BE1E-4F77-9921-40645BBF0A49",
				"6680E9B1-CA26-40F5-9268-7742F897E4EE",
				"F86CCC97-6846-4111-9767-8C301DEBA293",
				"3974B9AC-6606-4FC9-A7F5-8E4086F88617",
				"1AB14970-E7BC-456A-AD2C-9778344A6AE0",
				"8A9239D8-22EF-483A-87E5-FA0113CD4059"
			],
			"isa": "PBXGroup",
			"name": "ip",
			"path": "../../../addons/ofxOsc/libs/oscpack/src/ip",
			"sourceTree": "SOURCE_ROOT"
		},
		"0309A29F-2C0C-4454-A4ED-19FAA8A8D65B": {
			"fileRef": "BCCA79D7-C8AD-4516-A5B6-70C3437D2841",
			"isa": "PBXBuildFile"
		},
		"04278A27-C297-4DDC-8304-6A5749E12993": {
			"fileRef": "1B2FECF4-7DC9-433F-9C4E-6F616CA3C135",
			"isa": "PBXBuildFile"
		},
		"096F943A-4648-47AF-AC1A-57301BAFF367": {
			"fileRef": "5B8EA84D-F74E-4C79-AC05-D0D782C6F77E",
			"isa": "PBXBuildFile"
		},
		"0B664B8A-115B-4C39-9608-54EF4935FA87": {
			"explicitFileType": "sourcecode.cpp.cpp",
			"fileEncoding": "4",
			"isa": "PBXFileReference",
			"name": "ofxLabel.cpp",
			"path": "../../../addons/ofxGui/src/ofxLabel.cpp",
			"sourceTree": "SOURCE_ROOT"
		},
		"0EC4EF32-AE5C-4F42-A169-85E667F6F6AC": {
			"children": [
				"86423760-F12D-4A12-BF86-74FE5446456E"
			],
			"isa": "PBXGroup",
			"name": "libs",
			"path": "../../../addons/ofxOsc/libs",
			"sourceTree": "SOURCE_ROOT"
		},
		"17235B5C-22FB-4921-B7DB-FFCE9596BB8C": {
			"explicitFileType": "sourcecode.cpp.cpp",
			"fileEncoding": "4",
			"isa": "PBXFileReference",
			"name": "ofxBaseGui.cpp",
			"path": "../../../addons/ofxGui/src/ofxBaseGui.cpp",
			"sourceTree": "SOURCE_ROOT"
		},
		"186381FC-83FC-4392-801A-B10E23035176": {
			"fileRef": "17235B5C-22FB-4921-B7DB-FFCE9596BB8C",
			"isa": "PBXBuildFile"
		},
		"191CD6FA2847E21E0085CBB6": {
			"fileEncoding": "4",
			"isa": "PBXFileReference",
			"lastKnownFileType": "text.plist.entitlements",
			"path": "of.entitlements",
			"sourceTree": "<group>"
		},
		"191EF70929D778A400F35F26": {
			"isa": "PBXFileReference",
			"lastKnownFileType": "folder",
			"name": "openFrameworks",
			"path": "../../../libs/openFrameworks",
			"sourceTree": "SOURCE_ROOT"
		},
		"19B789C429E5AB4A0082E9B8": {
			"buildActionMask": "2147483647",
			"files": [],
			"inputFileListPaths": [],
			"inputPaths": [],
			"isa": "PBXShellScriptBuildPhase",
			"outputFileListPaths": [],
			"outputPaths": [],
			"runOnlyForDeploymentPostprocessing": "0",
			"shellPath": "/bin/sh",
			"shellScript": "\"$OF_PATH/scripts/osx/xcode_project.sh\"\n",
			"showEnvVarsInLog": "0"
		},
		"1AB14970-E7BC-456A-AD2C-9778344A6AE0": {
			"explicitFileType": "sourcecode.c.h",
			"fileEncoding": "4",
			"isa": "PBXFileReference",
			"name": "UdpSocket.h",
			"path": "../../../addons/ofxOsc/libs/oscpack/src/ip/UdpSocket.h",
			"sourceTree": "SOURCE_ROOT"
		},
		"1B2FECF4-7DC9-433F-9C4E-6F616CA3C135": {
			"explicitFileType": "sourcecode.cpp.cpp",
			"fileEncoding": "4",
			"isa": "PBXFileReference",
			"name": "ofxColorPicker.cpp",
			"path": "../../../addons/ofxGui/src/ofxColorPicker.cpp",
			"sourceTree": "SOURCE_ROOT"
		},
		"231F6A57-62AD-45EC-B90F-6E0DCD3B390C": {
			"children": [
				"B3562D0B-3803-47C7-88E9-5F9E328F712E",
				"99C449DE-4928-4971-8438-B54C299E6B63",
				"8E269B77-BF98-430A-84B5-565C02C08A4B",
				"FD9C9513-2222-4E0C-A86F-239EE002BBB3",
				"D6538300-C4D8-4EB4-9505-667BB1508A24",
				"7596A1F5-C6DC-44D0-9914-6BBC29274682",
				"41A46CD4-F845-4291-8E6A-B1067014961D",
				"C610E6EF-B1D0-4518-B11D-73718D07C2DB",
				"D2DB42D6-95DB-4892-A06A-9C3346767C45",
				"C7D7EB5C-5096-456D-B1F3-C4DC7F80667D",
				"F85A1C2E-EC77-483D-9726-651211729810",
				"C7393FC1-E0F5-4618-A15A-044925FDB982"
			],
			"isa": "PBXGroup",
			"name": "osc",
			"path": "../../../addons/ofxOsc/libs/oscpack/src/osc",
			"sourceTree": "SOURCE_ROOT"
		},
		"24A987F3-278F-40D1-AC24-B8E81BBAECD0": {
			"fileRef": "7827F776-1578-4A1B-9E6E-5EC4275262E2",
			"isa": "PBXBuildFile"
		},
		"24B384BB-FDF5-4041-9014-47ED3AD7F662": {
			"children": [
				"17235B5C-22FB-4921-B7DB-FFCE9596BB8C",
				"A02D378F-DCF9-4F61-83B3-92F1E3E45CB2",
				"9D7E88AF-719E-4BBF-B7E6-5FE89411FC2F",
				"82BAA1B8-7D7F-4FE8-82DD-3C2520738265",
				"1B2FECF4-7DC9-433F-9C4E-6F616CA3C135",
				"E537D26A-B32B-4693-891B-3BF707170A68",
				"A966B9DE-E2CF-4325-83E4-14A6B97364C0",
				"4412F23A-8BC6-4831-98BB-23CB7282E6AF",
				"A506B2DE-76E0-4EB4-BFB1-40ECF8756AA9",
				"61CA0CA6-E4E6-4521-842A-0A5DDAEAF9AE",
				"DB966587-546B-4589-8EC8-4A4AC9A53011",
				"92670128-D2D4-4BAA-9F44-0526E107D8FC",
				"0B664B8A-115B-4C39-9608-54EF4935FA87",
				"B14A36A9-9A23-4909-A525-76B1A5765331",
				"7827F776-1578-4A1B-9E6E-5EC4275262E2",
				"2682E158-998D-4718-847F-F2932C87B048",
				"431E4F49-353F-44B6-8848-9B9BE1C9E51E",
				"C139F40D-7F2A-48FC-87E3-6E5C2CF9F8EC",
				"BC2A40A3-6F50-4AC5-AAAC-981C49D41F4D",
				"62BEA7D3-E34A-4E79-8632-A16ACDE69B25",
				"EB5A4D49-0C56-4965-88AC-869DC774D358",
				"F6150869-12E2-4777-BC2D-1CED2C93E10C"
			],
			"isa": "PBXGroup",
			"name": "src",
			"path": "../../../addons/ofxGui/src",
			"sourceTree": "SOURCE_ROOT"
		},
		"2682E158-998D-4718-847F-F2932C87B048": {
			"explicitFileType": "sourcecode.c.h",
			"fileEncoding": "4",
			"isa": "PBXFileReference",
			"name": "ofxPanel.h",
			"path": "../../../addons/ofxGui/src/ofxPanel.h",
			"sourceTree": "SOURCE_ROOT"
		},
		"29FE039E-A2C4-41DC-A121-ED8E52E43E69": {
			"fileRef": "DB966587-546B-4589-8EC8-4A4AC9A53011",
			"isa": "PBXBuildFile"
		},
		"2C41C8E7-A292-4737-A88C-CA15300306A6": {
			"explicitFileType": "sourcecode.cpp.cpp",
			"fileEncoding": "4",
			"isa": "PBXFileReference",
			"name": "ofxOscParameterSync.cpp",
			"path": "../../../addons/ofxOsc/src/ofxOscParameterSync.cpp",
			"sourceTree": "SOURCE_ROOT"
		},
		"342D18EE-8F3A-4D31-BACE-0BB42453F74A": {
			"fileRef": "AAD85196-946E-48A9-A7E5-AB7D620FBD6E",
			"isa": "PBXBuildFile"
		},
		"38DC69FF-9CB9-44F1-89FB-B20D83F92369": {
			"explicitFileType": "sourcecode.c.h",
			"fileEncoding": "4",
			"isa": "PBXFileReference",
			"name": "ofxOscReceiver.h",
			"path": "../../../addons/ofxOsc/src/ofxOscReceiver.h",
			"sourceTree": "SOURCE_ROOT"
		},
		"3974B9AC-6606-4FC9-A7F5-8E4086F88617": {
			"explicitFileType": "sourcecode.c.h",
			"fileEncoding": "4",
			"isa": "PBXFileReference",
			"name": "TimerListener.h",
			"path": "../../../addons/ofxOsc/libs/oscpack/src/ip/TimerListener.h",
			"sourceTree": "SOURCE_ROOT"
		},
		"3A9DA696-2FFE-4972-B619-4FFB089CDA3B": {
			"fileRef": "BC2A40A3-6F50-4AC5-AAAC-981C49D41F4D",
			"isa": "PBXBuildFile"
		},
		"3BF9E0DC-AA7E-477B-86EC-5E2DFC162854": {
			"explicitFileType": "sourcecode.c.h",
			"fileEncoding": "4",
			"isa": "PBXFileReference",
			"name": "ofxOscSender.h",
			"path": "../../../addons/ofxOsc/src/ofxOscSender.h",
			"sourceTree": "SOURCE_ROOT"
		},
		"3C420596-EFCE-475A-A7E0-1AF6FB59C3EC": {
			"explicitFileType": "sourcecode.cpp.cpp",
			"fileEncoding": "4",
			"isa": "PBXFileReference",
			"name": "ofxOscSender.cpp",
			"path": "../../../addons/ofxOsc/src/ofxOscSender.cpp",
			"sourceTree": "SOURCE_ROOT"
		},
		"3D2B0C0B-BE1F-4169-90AF-579F4A4A8592": {
			"explicitFileType": "sourcecode.cpp.cpp",
			"fileEncoding": "4",
			"isa": "PBXFileReference",
			"name": "ofxOscBundle.cpp",
			"path": "../../../addons/ofxOsc/src/ofxOscBundle.cpp",
			"sourceTree": "SOURCE_ROOT"
		},
		"3E764ED7-2A26-4BFF-90F1-5E4F72233762": {
			"explicitFileType": "sourcecode.c.h",
			"fileEncoding": "4",
			"isa": "PBXFileReference",
			"name": "ofxOscArg.h",
			"path": "../../../addons/ofxOsc/src/ofxOscArg.h",
			"sourceTree": "SOURCE_ROOT"
		},
		"41A46CD4-F845-4291-8E6A-B1067014961D": {
			"explicitFileType": "sourcecode.cpp.cpp",
			"fileEncoding": "4",
			"isa": "PBXFileReference",
			"name": "OscPrintReceivedElements.cpp",
			"path": "../../../addons/ofxOsc/libs/oscpack/src/osc/OscPrintReceivedElements.cpp",
			"sourceTree": "SOURCE_ROOT"
		},
		"431E4F49-353F-44B6-8848-9B9BE1C9E51E": {
			"explicitFileType": "sourcecode.cpp.cpp",
			"fileEncoding": "4",
			"isa": "PBXFileReference",
			"name": "ofxSlider.cpp",
			"path": "../../../addons/ofxGui/src/ofxSlider.cpp",
			"sourceTree": "SOURCE_ROOT"
		},
		"4412F23A-8BC6-4831-98BB-23CB7282E6AF": {
			"explicitFileType": "sourcecode.cpp.cpp",
			"fileEncoding": "4",
			"isa": "PBXFileReference",
			"name": "ofxGuiGroup.cpp",
			"path": "../../../addons/ofxGui/src/ofxGuiGroup.cpp",
			"sourceTree": "SOURCE_ROOT"
		},
		"465392D0-98EE-4602-A6EA-76E8E0E5AF2E": {
			"explicitFileType": "sourcecode.c.h",
			"fileEncoding": "4",
			"isa": "PBXFileReference",
			"name": "ofxOsc.h",
			"path": "../../../addons/ofxOsc/src/ofxOsc.h",
			"sourceTree": "SOURCE_ROOT"
		},
		"4C1A4ABA-10F6-4EB3-A655-3D7A872EA9AE": {
			"children": [
				"465392D0-98EE-4602-A6EA-76E8E0E5AF2E",
				"3E764ED7-2A26-4BFF-90F1-5E4F72233762",
				"3D2B0C0B-BE1F-4169-90AF-579F4A4A8592",
				"5DCA940B-AF80-44A0-896B-1AE44AB193A7",
				"5B8EA84D-F74E-4C79-AC05-D0D782C6F77E",
				"944B8EB3-6052-456A-B6A5-696F0D242702",
				"2C41C8E7-A292-4737-A88C-CA15300306A6",
				"76A858AE-F1D4-45A3-8EF9-1F56B8312CAC",
				"AB33A169-6408-4237-AD89-0082276FFF21",
				"38DC69FF-9CB9-44F1-89FB-B20D83F92369",
				"3C420596-EFCE-475A-A7E0-1AF6FB59C3EC",
				"3BF9E0DC-AA7E-477B-86EC-5E2DFC162854"
			],
			"isa": "PBXGroup",
			"name": "src",
			"path": "../../../addons/ofxOsc/src",
			"sourceTree": "SOURCE_ROOT"
		},
		"4DAFAD0B-A769-4206-A11C-BCD58A5FE367": {
			"fileRef": "3D2B0C0B-BE1F-4169-90AF-579F4A4A8592",
			"isa": "PBXBuildFile"
		},
		"4F6265A4-841F-4561-A0FD-CFB5ABA77C08": {
			"fileRef": "3C420596-EFCE-475A-A7E0-1AF6FB59C3EC",
			"isa": "PBXBuildFile"
		},
		"56873DBA-8A94-49F5-BE12-2828861ACFCB": {
			"children": [
				"24B384BB-FDF5-4041-9014-47ED3AD7F662"
			],
			"isa": "PBXGroup",
			"name": "ofxGui",
			"path": "../../../addons/ofxGui",
			"sourceTree": "SOURCE_ROOT"
		},
		"5B8EA84D-F74E-4C79-AC05-D0D782C6F77E": {
			"explicitFileType": "sourcecode.cpp.cpp",
			"fileEncoding": "4",
			"isa": "PBXFileReference",
			"name": "ofxOscMessage.cpp",
			"path": "../../../addons/ofxOsc/src/ofxOscMessage.cpp",
			"sourceTree": "SOURCE_ROOT"
		},
		"5DCA940B-AF80-44A0-896B-1AE44AB193A7": {
			"explicitFileType": "sourcecode.c.h",
			"fileEncoding": "4",
			"isa": "PBXFileReference",
			"name": "ofxOscBundle.h",
			"path": "../../../addons/ofxOsc/src/ofxOscBundle.h",
			"sourceTree": "SOURCE_ROOT"
		},
		"5E262182-E2F9-459E-916E-1B57A185571F": {
			"fileRef": "F85A1C2E-EC77-483D-9726-651211729810",
			"isa": "PBXBuildFile"
		},
		"61CA0CA6-E4E6-4521-842A-0A5DDAEAF9AE": {
			"explicitFileType": "sourcecode.c.h",
			"fileEncoding": "4",
			"isa": "PBXFileReference",
			"name": "ofxGuiUtils.h",
			"path": "../../../addons/ofxGui/src/ofxGuiUtils.h",
			"sourceTree": "SOURCE_ROOT"
		},
		"62BEA7D3-E34A-4E79-8632-A16ACDE69B25": {
			"explicitFileType": "sourcecode.c.h",
			"fileEncoding": "4",
			"isa": "PBXFileReference",
			"name": "ofxSliderGroup.h",
			"path": "../../../addons/ofxGui/src/ofxSliderGroup.h",
			"sourceTree": "SOURCE_ROOT"
		},
		"65E48AB8-2B18-4E99-85A9-44288007E66A": {
			"explicitFileType": "sourcecode.cpp.cpp",
			"fileEncoding": "4",
			"isa": "PBXFileReference",
			"name": "NetworkingUtils.cpp",
			"path": "../../../addons/ofxOsc/libs/oscpack/src/ip/posix/NetworkingUtils.cpp",
			"sourceTree": "SOURCE_ROOT"
		},
		"6680E9B1-CA26-40F5-9268-7742F897E4EE": {
			"explicitFileType": "sourcecode.c.h",
			"fileEncoding": "4",
			"isa": "PBXFileReference",
			"name": "NetworkingUtils.h",
			"path": "../../../addons/ofxOsc/libs/oscpack/src/ip/NetworkingUtils.h",
			"sourceTree": "SOURCE_ROOT"
		},
		"7596A1F5-C6DC-44D0-9914-6BBC29274682": {
			"explicitFileType": "sourcecode.c.h",
			"fileEncoding": "4",
			"isa": "PBXFileReference",
			"name": "OscPacketListener.h",
			"path": "../../../addons/ofxOsc/libs/oscpack/src/osc/OscPacketListener.h",
			"sourceTree": "SOURCE_ROOT"
		},
		"76A858AE-F1D4-45A3-8EF9-1F56B8312CAC": {
			"explicitFileType": "sourcecode.c.h",
			"fileEncoding": "4",
			"isa": "PBXFileReference",
			"name": "ofxOscParameterSync.h",
			"path": "../../../addons/ofxOsc/src/ofxOscParameterSync.h",
			"sourceTree": "SOURCE_ROOT"
		},
		"7827F776-1578-4A1B-9E6E-5EC4275262E2": {
			"explicitFileType": "sourcecode.cpp.cpp",
			"fileEncoding": "4",
			"isa": "PBXFileReference",
			"name": "ofxPanel.cpp",
			"path": "../../../addons/ofxGui/src/ofxPanel.cpp",
			"sourceTree": "SOURCE_ROOT"
		},
		"7A158F77-9BD5-40E4-9B2C-EDA67B6042CE": {
			"fileRef": "FD9C9513-2222-4E0C-A86F-239EE002BBB3",
			"isa": "PBXBuildFile"
		},
		"7E620311-0558-4942-8F5E-EA3A55071BE3": {
			"fileRef": "4412F23A-8BC6-4831-98BB-23CB7282E6AF",
			"isa": "PBXBuildFile"
		},
		"82BAA1B8-7D7F-4FE8-82DD-3C2520738265": {
			"explicitFileType": "sourcecode.c.h",
			"fileEncoding": "4",
			"isa": "PBXFileReference",
			"name": "ofxButton.h",
			"path": "../../../addons/ofxGui/src/ofxButton.h",
			"sourceTree": "SOURCE_ROOT"
		},
		"86423760-F12D-4A12-BF86-74FE5446456E": {
			"children": [
				"C99A7BDD-5923-40FB-B843-1B6DCA766668"
			],
			"isa": "PBXGroup",
			"name": "oscpack",
			"path": "../../../addons/ofxOsc/libs/oscpack",
			"sourceTree": "SOURCE_ROOT"
		},
		"8A9239D8-22EF-483A-87E5-FA0113CD4059": {
			"children": [
				"65E48AB8-2B18-4E99-85A9-44288007E66A",
				"BCCA79D7-C8AD-4516-A5B6-70C3437D2841"
			],
			"isa": "PBXGroup",
			"name": "posix",
			"path": "../../../addons/ofxOsc/libs/oscpack/src/ip/posix",
			"sourceTree": "SOURCE_ROOT"
		},
		"8E269B77-BF98-430A-84B5-565C02C08A4B": {
			"explicitFileType": "sourcecode.c.h",
			"fileEncoding": "4",
			"isa": "PBXFileReference",
			"name": "OscHostEndianness.h",
			"path": "../../../addons/ofxOsc/libs/oscpack/src/osc/OscHostEndianness.h",
			"sourceTree": "SOURCE_ROOT"
		},
		"92670128-D2D4-4BAA-9F44-0526E107D8FC": {
			"explicitFileType": "sourcecode.c.h",
			"fileEncoding": "4",
			"isa": "PBXFileReference",
			"name": "ofxInputField.h",
			"path": "../../../addons/ofxGui/src/ofxInputField.h",
			"sourceTree": "SOURCE_ROOT"
		},
		"939A2AB6-BDDE-4D26-A701-57EBFD7B84DE": {
			"fileRef": "9D7E88AF-719E-4BBF-B7E6-5FE89411FC2F",
			"isa": "PBXBuildFile"
		},
		"944B8EB3-6052-456A-B6A5-696F0D242702": {
			"explicitFileType": "sourcecode.c.h",
			"fileEncoding": "4",
			"isa": "PBXFileReference",
			"name": "ofxOscMessage.h",
			"path": "../../../addons/ofxOsc/src/ofxOscMessage.h",
			"sourceTree": "SOURCE_ROOT"
		},
		"99C449DE-4928-4971-8438-B54C299E6B63": {
			"explicitFileType": "sourcecode.c.h",
			"fileEncoding": "4",
			"isa": "PBXFileReference",
			"name": "OscException.h",
			"path": "../../../addons/ofxOsc/libs/oscpack/src/osc/OscException.h",
			"sourceTree": "SOURCE_ROOT"
		},
		"9D7E88AF-719E-4BBF-B7E6-5FE89411FC2F": {
			"explicitFileType": "sourcecode.cpp.cpp",
			"fileEncoding": "4",
			"isa": "PBXFileReference",
			"name": "ofxButton.cpp",
			"path": "../../../addons/ofxGui/src/ofxButton.cpp",
			"sourceTree": "SOURCE_ROOT"
		},
		"9E6CDD03-5399-4591-9C31-3B7ABBB7D040": {
			"fileRef": "2C41C8E7-A292-4737-A88C-CA15300306A6",
			"isa": "PBXBuildFile"
		},
		"A0047EEF-171B-4FE6-9FDF-C7540C5E0CF0": {
			"fileRef": "41A46CD4-F845-4291-8E6A-B1067014961D",
			"isa": "PBXBuildFile"
		},
		"A02D378F-DCF9-4F61-83B3-92F1E3E45CB2": {
			"explicitFileType": "sourcecode.c.h",
			"fileEncoding": "4",
			"isa": "PBXFileReference",
			"name": "ofxBaseGui.h",
			"path": "../../../addons/ofxGui/src/ofxBaseGui.h",
			"sourceTree": "SOURCE_ROOT"
		},
		"A506B2DE-76E0-4EB4-BFB1-40ECF8756AA9": {
			"explicitFileType": "sourcecode.c.h",
			"fileEncoding": "4",
			"isa": "PBXFileReference",
			"name": "ofxGuiGroup.h",
			"path": "../../../addons/ofxGui/src/ofxGuiGroup.h",
			"sourceTree": "SOURCE_ROOT"
		},
		"A69365D8-DF56-4A75-A372-00D438D08899": {
			"fileRef": "D2DB42D6-95DB-4892-A06A-9C3346767C45",
			"isa": "PBXBuildFile"
		},
		"A704CD01-32CB-4595-A892-18A0CEBED942": {
			"fileRef": "AB33A169-6408-4237-AD89-0082276FFF21",
			"isa": "PBXBuildFile"
		},
		"A966B9DE-E2CF-4325-83E4-14A6B97364C0": {
			"explicitFileType": "sourcecode.c.h",
			"fileEncoding": "4",
			"isa": "PBXFileReference",
			"name": "ofxGui.h",
			"path": "../../../addons/ofxGui/src/ofxGui.h",
			"sourceTree": "SOURCE_ROOT"
		},
		"AAD85196-946E-48A9-A7E5-AB7D620FBD6E": {
			"explicitFileType": "sourcecode.cpp.cpp",
			"fileEncoding": "4",
			"isa": "PBXFileReference",
			"name": "IpEndpointName.cpp",
			"path": "../../../addons/ofxOsc/libs/oscpack/src/ip/IpEndpointName.cpp",
			"sourceTree": "SOURCE_ROOT"
		},
		"AB33A169-6408-4237-AD89-0082276FFF21": {
			"explicitFileType": "sourcecode.cpp.cpp",
			"fileEncoding": "4",
			"isa": "PBXFileReference",
			"name": "ofxOscReceiver.cpp",
			"path": "../../../addons/ofxOsc/src/ofxOscReceiver.cpp",
			"sourceTree": "SOURCE_ROOT"
		},
		"B14A36A9-9A23-4909-A525-76B1A5765331": {
			"explicitFileType": "sourcecode.c.h",
			"fileEncoding": "4",
			"isa": "PBXFileReference",
			"name": "ofxLabel.h",
			"path": "../../../addons/ofxGui/src/ofxLabel.h",
			"sourceTree": "SOURCE_ROOT"
		},
		"B2F4B7B3-0830-4C0A-ABFE-9BDC0AF9E013": {
			"fileRef": "0B664B8A-115B-4C39-9608-54EF4935FA87",
			"isa": "PBXBuildFile"
		},
		"B3562D0B-3803-47C7-88E9-5F9E328F712E": {
			"explicitFileType": "sourcecode.c.h",
			"fileEncoding": "4",
			"isa": "PBXFileReference",
			"name": "MessageMappingOscPacketListener.h",
			"path": "../../../addons/ofxOsc/libs/oscpack/src/osc/MessageMappingOscPacketListener.h",
			"sourceTree": "SOURCE_ROOT"
		},
		"B536110E-E5AB-437B-B84B-17881C0204BB": {
			"fileRef": "431E4F49-353F-44B6-8848-9B9BE1C9E51E",
			"isa": "PBXBuildFile"
		},
		"BB4B014C10F69532006C3DED": {
			"children": [
				"56873DBA-8A94-49F5-BE12-2828861ACFCB",
				"BE8017C6-D99F-44C3-BAE7-DF0362137DE3"
			],
			"isa": "PBXGroup",
			"name": "addons",
			"path": "../../../addons",
			"sourceTree": "<group>"
		},
		"BC2A40A3-6F50-4AC5-AAAC-981C49D41F4D": {
			"explicitFileType": "sourcecode.cpp.cpp",
			"fileEncoding": "4",
			"isa": "PBXFileReference",
			"name": "ofxSliderGroup.cpp",
			"path": "../../../addons/ofxGui/src/ofxSliderGroup.cpp",
			"sourceTree": "SOURCE_ROOT"
		},
		"BCCA79D7-C8AD-4516-A5B6-70C3437D2841": {
			"explicitFileType": "sourcecode.cpp.cpp",
			"fileEncoding": "4",
			"isa": "PBXFileReference",
			"name": "UdpSocket.cpp",
			"path": "../../../addons/ofxOsc/libs/oscpack/src/ip/posix/UdpSocket.cpp",
			"sourceTree": "SOURCE_ROOT"
		},
		"BE8017C6-D99F-44C3-BAE7-DF0362137DE3": {
			"children": [
				"0EC4EF32-AE5C-4F42-A169-85E667F6F6AC",
				"4C1A4ABA-10F6-4EB3-A655-3D7A872EA9AE"
			],
			"isa": "PBXGroup",
			"name": "ofxOsc",
			"path": "../../../addons/ofxOsc",
			"sourceTree": "SOURCE_ROOT"
		},
		"C139F40D-7F2A-48FC-87E3-6E5C2CF9F8EC": {
			"explicitFileType": "sourcecode.c.h",
			"fileEncoding": "4",
			"isa": "PBXFileReference",
			"name": "ofxSlider.h",
			"path": "../../../addons/ofxGui/src/ofxSlider.h",
			"sourceTree": "SOURCE_ROOT"
		},
		"C44892FD-E29D-4F59-A620-727C11016D28": {
			"fileRef": "EB5A4D49-0C56-4965-88AC-869DC774D358",
			"isa": "PBXBuildFile"
		},
		"C610E6EF-B1D0-4518-B11D-73718D07C2DB": {
			"explicitFileType": "sourcecode.c.h",
			"fileEncoding": "4",
			"isa": "PBXFileReference",
			"name": "OscPrintReceivedElements.h",
			"path": "../../../addons/ofxOsc/libs/oscpack/src/osc/OscPrintReceivedElements.h",
			"sourceTree": "SOURCE_ROOT"
		},
		"C7393FC1-E0F5-4618-A15A-044925FDB982": {
			"explicitFileType": "sourcecode.c.h",
			"fileEncoding": "4",
			"isa": "PBXFileReference",
			"name": "OscTypes.h",
			"path": "../../../addons/ofxOsc/libs/oscpack/src/osc/OscTypes.h",
			"sourceTree": "SOURCE_ROOT"
		},
		"C7D7EB5C-5096-456D-B1F3-C4DC7F80667D": {
			"explicitFileType": "sourcecode.c.h",
			"fileEncoding": "4",
			"isa": "PBXFileReference",
			"name": "OscReceivedElements.h",
			"path": "../../../addons/ofxOsc/libs/oscpack/src/osc/OscReceivedElements.h",
			"sourceTree": "SOURCE_ROOT"
		},
		"C99A7BDD-5923-40FB-B843-1B6DCA766668": {
			"children": [
				"0003E20C-CB83-4586-BAEB-101065623BC5",
				"231F6A57-62AD-45EC-B90F-6E0DCD3B390C"
			],
			"isa": "PBXGroup",
			"name": "src",
			"path": "../../../addons/ofxOsc/libs/oscpack/src",
			"sourceTree": "SOURCE_ROOT"
		},
		"D2DB42D6-95DB-4892-A06A-9C3346767C45": {
			"explicitFileType": "sourcecode.cpp.cpp",
			"fileEncoding": "4",
			"isa": "PBXFileReference",
			"name": "OscReceivedElements.cpp",
			"path": "../../../addons/ofxOsc/libs/oscpack/src/osc/OscReceivedElements.cpp",
			"sourceTree": "SOURCE_ROOT"
		},
		"D6538300-C4D8-4EB4-9505-667BB1508A24": {
			"explicitFileType": "sourcecode.c.h",
			"fileEncoding": "4",
			"isa": "PBXFileReference",
			"name": "OscOutboundPacketStream.h",
			"path": "../../../addons/ofxOsc/libs/oscpack/src/osc/OscOutboundPacketStream.h",
			"sourceTree": "SOURCE_ROOT"
		},
		"DB966587-546B-4589-8EC8-4A4AC9A53011": {
			"explicitFileType": "sourcecode.cpp.cpp",
			"fileEncoding": "4",
			"isa": "PBXFileReference",
			"name": "ofxInputField.cpp",
			"path": "../../../addons/ofxGui/src/ofxInputField.cpp",
			"sourceTree": "SOURCE_ROOT"
		},
		"E0DC660C-BE1E-4F77-9921-40645BBF0A49": {
			"explicitFileType": "sourcecode.c.h",
			"fileEncoding": "4",
			"isa": "PBXFileReference",
			"name": "IpEndpointName.h",
			"path": "../../../addons/ofxOsc/libs/oscpack/src/ip/IpEndpointName.h",
			"sourceTree": "SOURCE_ROOT"
		},
		"E42962A92163ECCD00A6A9E2": {
			"alwaysOutOfDate": "1",
			"buildActionMask": "2147483647",
			"files": [],
			"inputPaths": [],
			"isa": "PBXShellScriptBuildPhase",
			"name": "Run Script — Compile OF",
			"outputPaths": [],
			"runOnlyForDeploymentPostprocessing": "0",
			"shellPath": "/bin/sh",
			"shellScript": "echo \"💾 Compiling Openframeworks\"\nxcodebuild -project \"$OF_PATH/libs/openFrameworksCompiled/project/osx/openFrameworksLib.xcodeproj\" -target openFrameworks -configuration \"${CONFIGURATION}\"  CLANG_CXX_LANGUAGE_STANDARD=$CLANG_CXX_LANGUAGE_STANDARD MACOSX_DEPLOYMENT_TARGET=$MACOSX_DEPLOYMENT_TARGET GCC_PREPROCESSOR_DEFINITIONS=$USER_PREPROCESSOR_DEFINITIONS\n",
			"showEnvVarsInLog": "0"
		},
		"E4A5B60F29BAAAE400C2D356": {
			"buildActionMask": "2147483647",
			"dstPath": "",
			"dstSubfolderSpec": "6",
			"files": [],
			"isa": "PBXCopyFilesBuildPhase",
			"runOnlyForDeploymentPostprocessing": "0"
		},
		"E4B69B4A0A3A1720003C02F2": {
			"children": [
				"191CD6FA2847E21E0085CBB6",
				"E4B6FCAD0C3E899E008CF71C",
				"E4EB6923138AFD0F00A09F29",
				"E4B69E1C0A3A1BDC003C02F2",
				"191EF70929D778A400F35F26",
				"BB4B014C10F69532006C3DED",
				"E4B69B5B0A3A1756003C02F2"
			],
			"isa": "PBXGroup",
			"sourceTree": "<group>"
		},
		"E4B69B4C0A3A1720003C02F2": {
			"attributes": {
				"LastUpgradeCheck": "0600"
			},
			"buildConfigurationList": "E4B69B4D0A3A1720003C02F2",
			"compatibilityVersion": "Xcode 3.2",
			"developmentRegion": "en",
			"hasScannedForEncodings": "0",
			"isa": "PBXProject",
			"knownRegions": [
				"en",
				"Base"
			],
			"mainGroup": "E4B69B4A0A3A1720003C02F2",
			"productRefGroup": "E4B69B4A0A3A1720003C02F2",
			"projectDirPath": "",
			"projectRoot": "",
			"targets": [
				"E4B69B5A0A3A1756003C02F2"
			]
		},
		"E4B69B4D0A3A1720003C02F2": {
			"buildConfigurations": [
				"E4B69B4E0A3A1720003C02F2",
				"E4B69B4F0A3A1720003C02F2"
			],
			"defaultConfigurationIsVisible": "0",
			"defaultConfigurationName": "Release",
			"isa": "XCConfigurationList"
		},
		"E4B69B4E0A3A1720003C02F2": {
			"baseConfigurationReference": "E4EB6923138AFD0F00A09F29",
			"buildSettings": {
				"CODE_SIGN_ENTITLEMENTS": "of.entitlements",
				"COPY_PHASE_STRIP": "NO",
				"ENABLE_TESTABILITY": "YES",
				"GCC_OPTIMIZATION_LEVEL": "0",
				"GCC_WARN_UNUSED_VARIABLE": "NO",
				"HEADER_SEARCH_PATHS": [
					"$(OF_CORE_HEADERS)",
					"src"
				],
				"OTHER_CPLUSPLUSFLAGS": "-D__MACOSX_CORE__"
			},
			"isa": "XCBuildConfiguration",
			"name": "Debug"
		},
		"E4B69B4F0A3A1720003C02F2": {
			"baseConfigurationReference": "E4EB6923138AFD0F00A09F29",
			"buildSettings": {
				"CODE_SIGN_ENTITLEMENTS": "of.entitlements",
				"COPY_PHASE_STRIP": "YES",
				"GCC_OPTIMIZATION_LEVEL": "3",
				"GCC_UNROLL_LOOPS": "YES",
				"HEADER_SEARCH_PATHS": [
					"$(OF_CORE_HEADERS)",
					"src"
				],
				"OTHER_CPLUSPLUSFLAGS": "-D__MACOSX_CORE__"
			},
			"isa": "XCBuildConfiguration",
			"name": "Release"
		},
		"E4B69B580A3A1756003C02F2": {
			"buildActionMask": "2147483647",
			"files": [
				"E4B69E200A3A1BDC003C02F2",
				"E4B69E210A3A1BDC003C02F2",
				"186381FC-83FC-4392-801A-B10E23035176",
				"939A2AB6-BDDE-4D26-A701-57EBFD7B84DE",
				"04278A27-C297-4DDC-8304-6A5749E12993",
				"7E620311-0558-4942-8F5E-EA3A55071BE3",
				"29FE039E-A2C4-41DC-A121-ED8E52E43E69",
				"B2F4B7B3-0830-4C0A-ABFE-9BDC0AF9E013",
				"24A987F3-278F-40D1-AC24-B8E81BBAECD0",
				"B536110E-E5AB-437B-B84B-17881C0204BB",
				"3A9DA696-2FFE-4972-B619-4FFB089CDA3B",
				"C44892FD-E29D-4F59-A620-727C11016D28",
				"342D18EE-8F3A-4D31-BACE-0BB42453F74A",
				"EC3797D9-CE1A-4EF9-96C3-D5B367A9E338",
				"0309A29F-2C0C-4454-A4ED-19FAA8A8D65B",
				"7A158F77-9BD5-40E4-9B2C-EDA67B6042CE",
				"A0047EEF-171B-4FE6-9FDF-C7540C5E0CF0",
				"A69365D8-DF56-4A75-A372-00D438D08899",
				"5E262182-E2F9-459E-916E-1B57A185571F",
				"4DAFAD0B-A769-4206-A11C-BCD58A5FE367",
				"096F943A-4648-47AF-AC1A-57301BAFF367",
				"9E6CDD03-5399-4591-9C31-3B7ABBB7D040",
				"A704CD01-32CB-4595-A892-18A0CEBED942",
				"4F6265A4-841F-4561-A0FD-CFB5ABA77C08"
			],
			"isa": "PBXSourcesBuildPhase",
			"runOnlyForDeploymentPostprocessing": "0"
		},
		"E4B69B590A3A1756003C02F2": {
			"buildActionMask": "2147483647",
			"files": [],
			"isa": "PBXFrameworksBuildPhase",
			"runOnlyForDeploymentPostprocessing": "0"
		},
		"E4B69B5A0A3A1756003C02F2": {
			"buildConfigurationList": "E4B69B5F0A3A1757003C02F2",
			"buildPhases": [
				"E42962A92163ECCD00A6A9E2",
				"E4B69B580A3A1756003C02F2",
				"E4B69B590A3A1756003C02F2",
				"E4C2427710CC5ABF004149E2",
				"E4A5B60F29BAAAE400C2D356",
				"19B789C429E5AB4A0082E9B8"
			],
			"buildRules": [],
			"dependencies": [],
			"isa": "PBXNativeTarget",
			"name": "ofVisionOscParsing",
			"productName": "myOFApp",
			"productReference": "E4B69B5B0A3A1756003C02F2",
			"productType": "com.apple.product-type.application"
		},
		"E4B69B5B0A3A1756003C02F2": {
			"explicitFileType": "wrapper.application",
			"includeInIndex": "0",
			"isa": "PBXFileReference",
			"path": "ofVisionOscParsingDebug.app",
			"sourceTree": "BUILT_PRODUCTS_DIR"
		},
		"E4B69B5F0A3A1757003C02F2": {
			"buildConfigurations": [
				"E4B69B600A3A1757003C02F2",
				"E4B69B610A3A1757003C02F2"
			],
			"defaultConfigurationIsVisible": "0",
			"defaultConfigurationName": "Release",
			"isa": "XCConfigurationList"
		},
		"E4B69B600A3A1757003C02F2": {
			"baseConfigurationReference": "E4EB6923138AFD0F00A09F29",
			"buildSettings": {
				"ARCHS": "$(ARCHS_STANDARD)",
				"COPY_PHASE_STRIP": "NO",
				"FRAMEWORK_SEARCH_PATHS": "$(inherited)",
				"GCC_DYNAMIC_NO_PIC": "NO",
				"HEADER_SEARCH_PATHS": [
					"$(OF_CORE_HEADERS)",
					"src",
					"../../../addons/ofxGui/src",
					"../../../addons/ofxOsc/libs",
					"../../../addons/ofxOsc/libs/oscpack",
					"../../../addons/ofxOsc/libs/oscpack/src",
					"../../../addons/ofxOsc/libs/oscpack/src/ip",
					"../../../addons/ofxOsc/libs/oscpack/src/ip/posix",
					"../../../addons/ofxOsc/libs/oscpack/src/osc",
					"../../../addons/ofxOsc/src"
				],
				"LIBRARY_SEARCH_PATHS": "$(inherited)",
				"OTHER_LDFLAGS": [
					"$(OF_CORE_LIBS)",
					"$(OF_CORE_FRAMEWORKS)",
					"$(LIB_OF_DEBUG)"
				]
			},
			"isa": "XCBuildConfiguration",
			"name": "Debug"
		},
		"E4B69B610A3A1757003C02F2": {
			"baseConfigurationReference": "E4EB6923138AFD0F00A09F29",
			"buildSettings": {
				"ARCHS": "$(ARCHS_STANDARD)",
				"COPY_PHASE_STRIP": "YES",
				"FRAMEWORK_SEARCH_PATHS": "$(inherited)",
				"HEADER_SEARCH_PATHS": [
					"$(OF_CORE_HEADERS)",
					"src",
					"../../../addons/ofxGui/src",
					"../../../addons/ofxOsc/libs",
					"../../../addons/ofxOsc/libs/oscpack",
					"../../../addons/ofxOsc/libs/oscpack/src",
					"../../../addons/ofxOsc/libs/oscpack/src/ip",
					"../../../addons/ofxOsc/libs/oscpack/src/ip/posix",
					"../../../addons/ofxOsc/libs/oscpack/src/osc",
					"../../../addons/ofxOsc/src"
				],
				"LIBRARY_SEARCH_PATHS": "$(inherited)",
				"OTHER_LDFLAGS": [
					"$(OF_CORE_LIBS)",
					"$(OF_CORE_FRAMEWORKS)",
					"$(LIB_OF)"
				],
				"baseConfigurationReference": "E4EB6923138AFD0F00A09F29"
			},
			"isa": "XCBuildConfiguration",
			"name": "Release"
		},
		"E4B69E1C0A3A1BDC003C02F2": {
			"children": [
				"E4B69E1D0A3A1BDC003C02F2",
				"E4B69E1E0A3A1BDC003C02F2",
				"E4B69E1F0A3A1BDC003C02F2"
			],
			"isa": "PBXGroup",
			"path": "src",
			"sourceTree": "SOURCE_ROOT"
		},
		"E4B69E1D0A3A1BDC003C02F2": {
			"fileEncoding": "4",
			"isa": "PBXFileReference",
			"lastKnownFileType": "sourcecode.cpp.cpp",
			"name": "main.cpp",
			"path": "src/main.cpp",
			"sourceTree": "SOURCE_ROOT"
		},
		"E4B69E1E0A3A1BDC003C02F2": {
			"explicitFileType": "sourcecode.cpp.cpp",
			"fileEncoding": "4",
			"isa": "PBXFileReference",
			"name": "ofApp.cpp",
			"path": "src/ofApp.cpp",
			"sourceTree": "SOURCE_ROOT"
		},
		"E4B69E1F0A3A1BDC003C02F2": {
			"fileEncoding": "4",
			"isa": "PBXFileReference",
			"lastKnownFileType": "sourcecode.c.h",
			"name": "ofApp.h",
			"path": "src/ofApp.h",
			"sourceTree": "SOURCE_ROOT"
		},
		"E4B69E200A3A1BDC003C02F2": {
			"fileRef": "E4B69E1D0A3A1BDC003C02F2",
			"isa": "PBXBuildFile"
		},
		"E4B69E210A3A1BDC003C02F2": {
			"fileRef": "E4B69E1E0A3A1BDC003C02F2",
			"isa": "PBXBuildFile"
		},
		"E4B6FCAD0C3E899E008CF71C": {
			"fileEncoding": "4",
			"isa": "PBXFileReference",
			"lastKnownFileType": "text.plist.xml",
			"path": "openFrameworks-Info.plist",
			"sourceTree": "<group>"
		},
		"E4C2427710CC5ABF004149E2": {
			"buildActionMask": "2147483647",
			"dstPath": "",
			"dstSubfolderSpec": "10",
			"files": [],
			"isa": "PBXCopyFilesBuildPhase",
			"runOnlyForDeploymentPostprocessing": "0"
		},
		"E4EB6923138AFD0F00A09F29": {
			"fileEncoding": "4",
			"isa": "PBXFileReference",
			"lastKnownFileType": "text.xcconfig",
			"path": "Project.xcconfig",
			"sourceTree": "<group>"
		},
		"E537D26A-B32B-4693-891B-3BF707170A68": {
			"explicitFileType": "sourcecode.c.h",
			"fileEncoding": "4",
			"isa": "PBXFileReference",
			"name": "ofxColorPicker.h",
			"path": "../../../addons/ofxGui/src/ofxColorPicker.h",
			"sourceTree": "SOURCE_ROOT"
		},
		"EB5A4D49-0C56-4965-88AC-869DC774D358": {
			"explicitFileType": "sourcecode.cpp.cpp",
			"fileEncoding": "4",
			"isa": "PBXFileReference",
			"name": "ofxToggle.cpp",
			"path": "../../../addons/ofxGui/src/ofxToggle.cpp",
			"sourceTree": "SOURCE_ROOT"
		},
		"EC3797D9-CE1A-4EF9-96C3-D5B367A9E338": {
			"fileRef": "65E48AB8-2B18-4E99-85A9-44288007E66A",
			"isa": "PBXBuildFile"
		},
		"F6150869-12E2-4777-BC2D-1CED2C93E10C": {
			"explicitFileType": "sourcecode.c.h",
			"fileEncoding": "4",
			"isa": "PBXFileReference",
			"name": "ofxToggle.h",
			"path": "../../../addons/ofxGui/src/ofxToggle.h",
			"sourceTree": "SOURCE_ROOT"
		},
		"F85A1C2E-EC77-483D-9726-651211729810": {
			"explicitFileType": "sourcecode.cpp.cpp",
			"fileEncoding": "4",
			"isa": "PBXFileReference",
			"name": "OscTypes.cpp",
			"path": "../../../addons/ofxOsc/libs/oscpack/src/osc/OscTypes.cpp",
			"sourceTree": "SOURCE_ROOT"
		},
		"F86CCC97-6846-4111-9767-8C301DEBA293": {
			"explicitFileType": "sourcecode.c.h",
			"fileEncoding": "4",
			"isa": "PBXFileReference",
			"name": "PacketListener.h",
			"path": "../../../addons/ofxOsc/libs/oscpack/src/ip/PacketListener.h",
			"sourceTree": "SOURCE_ROOT"
		},
		"FD9C9513-2222-4E0C-A86F-239EE002BBB3": {
			"explicitFileType": "sourcecode.cpp.cpp",
			"fileEncoding": "4",
			"isa": "PBXFileReference",
			"name": "OscOutboundPacketStream.cpp",
			"path": "../../../addons/ofxOsc/libs/oscpack/src/osc/OscOutboundPacketStream.cpp",
			"sourceTree": "SOURCE_ROOT"
		}
	},
	"openFrameworksProjectGeneratorVersion": "21",
	"rootObject": "E4B69B4C0A3A1720003C02F2"
}